# Generated by move; do not edit
# This file should be checked in.

[move]
version = 4

[pinned.mainnet.MoveStdlib]
source = { git = "https://github.com/MystenLabs/sui.git", subdir = "crates/sui-framework/packages/move-stdlib", rev = "b9149cbf0b2cb9ae5ed830407a9b48c7ae3fd36c" }
use_environment = "mainnet"
manifest_digest = "C4FE4C91DE74CBF223B2E380AE40F592177D21870DC2D7EB6227D2D694E05363"
deps = {}

[pinned.mainnet.Sui]
source = { git = "https://github.com/MystenLabs/sui.git", subdir = "crates/sui-framework/packages/sui-framework", rev = "b9149cbf0b2cb9ae5ed830407a9b48c7ae3fd36c" }
use_environment = "mainnet"
manifest_digest = "CD547CB1ACCE0880C835DAED2D8FFCB91D56C833AE5240D3AA5B918398263195"
deps = { MoveStdlib = "MoveStdlib" }

[pinned.mainnet.bps]
source = { git = "https://github.com/unconfirmedlabs/bps.git", subdir = ".", rev = "26fa571e3d8fc79125e6a50f5b735c939a5251f6" }
use_environment = "mainnet"
manifest_digest = "E41BBD67BE8940D26C79D78B028477EF5B33BA217A1282C78ACB344CF8A5ECF6"
deps = { std = "MoveStdlib", sui = "Sui" }

[pinned.mainnet.miso]
source = { local = "../../../miso-protocol/move" }
use_environment = "mainnet"
manifest_digest = "501B3A40C9F2C27B6EB84D8EE53118E3762D2A139F5A89676FE5A453859AF772"
deps = { bps = "bps", miso_share = "miso_share", std = "MoveStdlib", sui = "Sui" }

[pinned.mainnet.miso_record]
source = { local = "../../move" }
use_environment = "mainnet"
manifest_digest = "9242048211FEEC8A8FD66137E0B03055C0EFD4A725E68FD059589B05C5666E26"
deps = { miso = "miso", std = "MoveStdlib", sui = "Sui" }

[pinned.mainnet.miso_record_access]
source = { root = true }
use_environment = "mainnet"
manifest_digest = "5458A99DA5B222AF203241FC402ACCB495E942FE74760C0DB02E43B64F9E11C4"
deps = { miso = "miso", miso_record = "miso_record", std = "MoveStdlib", sui = "Sui" }

[pinned.mainnet.miso_share]
source = { git = "https://github.com/misonetwork/miso-share.git", subdir = ".", rev = "70f9a512240e359d5cf49245373cd515bfac9863" }
use_environment = "mainnet"
manifest_digest = "E41BBD67BE8940D26C79D78B028477EF5B33BA217A1282C78ACB344CF8A5ECF6"
deps = { std = "MoveStdlib", sui = "Sui" }
